
Microsoft Visual Studio Solution File, Format Version 9.00
# Visual Studio 2005
Project("{8BC9CEB8-8B4A-11D0-8D11-00A0C91BC942}") = "DirectUICore", "DirectUICore\DirectUICore.vcproj", "{D9388367-B301-49D3-AF8D-4FF9878FFEB4}"
EndProject
Project("{8BC9CEB8-8B4A-11D0-8D11-00A0C91BC942}") = "TestApp1", "TestApp1\TestApp1.vcproj", "{9948E32F-A319-41D3-B0CA-FAD0E0CFD1DC}"
EndProject
Project("{8BC9CEB8-8B4A-11D0-8D11-00A0C91BC942}") = "HelloWorld", "HelloWorld\HelloWorld.vcproj", "{C998F2C1-206B-49BF-BB1F-67CAA63512BB}"
EndProject
Project("{8BC9CEB8-8B4A-11D0-8D11-00A0C91BC942}") = "ControlFactory", "ControlFactory\ControlFactory.vcproj", "{C3F7D43F-D7C7-4C48-99EF-F3E1E2702AB7}"
EndProject
Project("{8BC9CEB8-8B4A-11D0-8D11-00A0C91BC942}") = "HelloImage", "HelloImage\HelloImage.vcproj", "{CEB705D1-1543-4447-9F30-E6089BA73711}"
EndProject
Global
	GlobalSection(SolutionConfigurationPlatforms) = preSolution
		Debug|Win32 = Debug|Win32
		Release|Win32 = Release|Win32
	EndGlobalSection
	GlobalSection(ProjectConfigurationPlatforms) = postSolution
		{D9388367-B301-49D3-AF8D-4FF9878FFEB4}.Debug|Win32.ActiveCfg = Debug|Win32
		{D9388367-B301-49D3-AF8D-4FF9878FFEB4}.Debug|Win32.Build.0 = Debug|Win32
		{D9388367-B301-49D3-AF8D-4FF9878FFEB4}.Release|Win32.ActiveCfg = Release|Win32
		{D9388367-B301-49D3-AF8D-4FF9878FFEB4}.Release|Win32.Build.0 = Release|Win32
		{9948E32F-A319-41D3-B0CA-FAD0E0CFD1DC}.Debug|Win32.ActiveCfg = Debug|Win32
		{9948E32F-A319-41D3-B0CA-FAD0E0CFD1DC}.Debug|Win32.Build.0 = Debug|Win32
		{9948E32F-A319-41D3-B0CA-FAD0E0CFD1DC}.Release|Win32.ActiveCfg = Release|Win32
		{9948E32F-A319-41D3-B0CA-FAD0E0CFD1DC}.Release|Win32.Build.0 = Release|Win32
		{C998F2C1-206B-49BF-BB1F-67CAA63512BB}.Debug|Win32.ActiveCfg = Debug|Win32
		{C998F2C1-206B-49BF-BB1F-67CAA63512BB}.Debug|Win32.Build.0 = Debug|Win32
		{C998F2C1-206B-49BF-BB1F-67CAA63512BB}.Release|Win32.ActiveCfg = Release|Win32
		{C998F2C1-206B-49BF-BB1F-67CAA63512BB}.Release|Win32.Build.0 = Release|Win32
		{C3F7D43F-D7C7-4C48-99EF-F3E1E2702AB7}.Debug|Win32.ActiveCfg = Debug|Win32
		{C3F7D43F-D7C7-4C48-99EF-F3E1E2702AB7}.Debug|Win32.Build.0 = Debug|Win32
		{C3F7D43F-D7C7-4C48-99EF-F3E1E2702AB7}.Release|Win32.ActiveCfg = Release|Win32
		{C3F7D43F-D7C7-4C48-99EF-F3E1E2702AB7}.Release|Win32.Build.0 = Release|Win32
		{CEB705D1-1543-4447-9F30-E6089BA73711}.Debug|Win32.ActiveCfg = Debug|Win32
		{CEB705D1-1543-4447-9F30-E6089BA73711}.Debug|Win32.Build.0 = Debug|Win32
		{CEB705D1-1543-4447-9F30-E6089BA73711}.Release|Win32.ActiveCfg = Release|Win32
		{CEB705D1-1543-4447-9F30-E6089BA73711}.Release|Win32.Build.0 = Release|Win32
	EndGlobalSection
	GlobalSection(SolutionProperties) = preSolution
		HideSolutionNode = FALSE
	EndGlobalSection
EndGlobal
