
Microsoft Visual Studio Solution File, Format Version 9.00
# Visual Studio 2005
Project("{8BC9CEB8-8B4A-11D0-8D11-00A0C91BC942}") = "HellQQ", "HellQQ.vcproj", "{1953B0F8-9EC9-4BAB-801C-020088E696BE}"
EndProject
Global
	GlobalSection(SolutionConfigurationPlatforms) = preSolution
		Debug|Win32 = Debug|Win32
		Release|Win32 = Release|Win32
	EndGlobalSection
	GlobalSection(ProjectConfigurationPlatforms) = postSolution
		{1953B0F8-9EC9-4BAB-801C-020088E696BE}.Debug|Win32.ActiveCfg = Debug|Win32
		{1953B0F8-9EC9-4BAB-801C-020088E696BE}.Debug|Win32.Build.0 = Debug|Win32
		{1953B0F8-9EC9-4BAB-801C-020088E696BE}.Release|Win32.ActiveCfg = Release|Win32
		{1953B0F8-9EC9-4BAB-801C-020088E696BE}.Release|Win32.Build.0 = Release|Win32
	EndGlobalSection
	GlobalSection(SolutionProperties) = preSolution
		HideSolutionNode = FALSE
	EndGlobalSection
EndGlobal
